// !$*UTF8*$!
{
	archiveVersion = 1;
	classes = {
	};
	objectVersion = 46;
	objects = {

/* Begin PBXBuildFile section */
		4047FB1116CD6D0D00D0915E /* Timer.m in Sources */ = {isa = PBXBuildFile; fileRef = 4047FB1016CD6D0D00D0915E /* Timer.m */; };
		40933B1E16CB7879006C244C /* Default-568h@2x.png in Resources */ = {isa = PBXBuildFile; fileRef = 40933B1D16CB7879006C244C /* Default-568h@2x.png */; };
		61EF67AD16CDD8D800E89273 /* ControlButtons.m in Sources */ = {isa = PBXBuildFile; fileRef = 61EF67AC16CDD8D800E89273 /* ControlButtons.m */; };
		D87F3DC616D4027700A91758 /* easyGrids.txt in Resources */ = {isa = PBXBuildFile; fileRef = D87F3DC316D4027700A91758 /* easyGrids.txt */; };
		D87F3DC716D4027700A91758 /* hardGrids.txt in Resources */ = {isa = PBXBuildFile; fileRef = D87F3DC416D4027700A91758 /* hardGrids.txt */; };
		D87F3DC816D4027700A91758 /* mediumGrids.txt in Resources */ = {isa = PBXBuildFile; fileRef = D87F3DC516D4027700A91758 /* mediumGrids.txt */; };
		D87F3DCB16D4030C00A91758 /* grids1.txt in Resources */ = {isa = PBXBuildFile; fileRef = D87F3DC916D4030C00A91758 /* grids1.txt */; };
		D87F3DCC16D4030C00A91758 /* grids2.txt in Resources */ = {isa = PBXBuildFile; fileRef = D87F3DCA16D4030C00A91758 /* grids2.txt */; };
		D8E3BAFC16D01E6A00EA8870 /* COLOR_CONSTANTS.m in Sources */ = {isa = PBXBuildFile; fileRef = D8E3BAFB16D01E6A00EA8870 /* COLOR_CONSTANTS.m */; };
		F2C330FD16C8A17000AEFE31 /* UIKit.framework in Frameworks */ = {isa = PBXBuildFile; fileRef = F2C330FC16C8A17000AEFE31 /* UIKit.framework */; };
		F2C330FF16C8A17000AEFE31 /* Foundation.framework in Frameworks */ = {isa = PBXBuildFile; fileRef = F2C330FE16C8A17000AEFE31 /* Foundation.framework */; };
		F2C3310116C8A17000AEFE31 /* CoreGraphics.framework in Frameworks */ = {isa = PBXBuildFile; fileRef = F2C3310016C8A17000AEFE31 /* CoreGraphics.framework */; };
		F2C3310716C8A17000AEFE31 /* InfoPlist.strings in Resources */ = {isa = PBXBuildFile; fileRef = F2C3310516C8A17000AEFE31 /* InfoPlist.strings */; };
		F2C3310916C8A17000AEFE31 /* main.m in Sources */ = {isa = PBXBuildFile; fileRef = F2C3310816C8A17000AEFE31 /* main.m */; };
		F2C3310D16C8A17000AEFE31 /* AppDelegate.m in Sources */ = {isa = PBXBuildFile; fileRef = F2C3310C16C8A17000AEFE31 /* AppDelegate.m */; };
		F2C3311016C8A17000AEFE31 /* ViewController.m in Sources */ = {isa = PBXBuildFile; fileRef = F2C3310F16C8A17000AEFE31 /* ViewController.m */; };
		F2C3311316C8A17000AEFE31 /* ViewController_iPhone.xib in Resources */ = {isa = PBXBuildFile; fileRef = F2C3311116C8A17000AEFE31 /* ViewController_iPhone.xib */; };
		F2C3311616C8A17000AEFE31 /* ViewController_iPad.xib in Resources */ = {isa = PBXBuildFile; fileRef = F2C3311416C8A17000AEFE31 /* ViewController_iPad.xib */; };
		F2C3311E16C8A17000AEFE31 /* SenTestingKit.framework in Frameworks */ = {isa = PBXBuildFile; fileRef = F2C3311D16C8A17000AEFE31 /* SenTestingKit.framework */; };
		F2C3311F16C8A17000AEFE31 /* UIKit.framework in Frameworks */ = {isa = PBXBuildFile; fileRef = F2C330FC16C8A17000AEFE31 /* UIKit.framework */; };
		F2C3312016C8A17000AEFE31 /* Foundation.framework in Frameworks */ = {isa = PBXBuildFile; fileRef = F2C330FE16C8A17000AEFE31 /* Foundation.framework */; };
		F2C3312816C8A17000AEFE31 /* InfoPlist.strings in Resources */ = {isa = PBXBuildFile; fileRef = F2C3312616C8A17000AEFE31 /* InfoPlist.strings */; };
		F2C3312B16C8A17000AEFE31 /* Sudoku_v3Tests.m in Sources */ = {isa = PBXBuildFile; fileRef = F2C3312A16C8A17000AEFE31 /* Sudoku_v3Tests.m */; };
		F2C3313616C8A1E500AEFE31 /* GridView.m in Sources */ = {isa = PBXBuildFile; fileRef = F2C3313516C8A1E500AEFE31 /* GridView.m */; };
		F2C3313916C8A20400AEFE31 /* NumPad.m in Sources */ = {isa = PBXBuildFile; fileRef = F2C3313816C8A20400AEFE31 /* NumPad.m */; };
		F2C3313C16C8A21C00AEFE31 /* GridModel.m in Sources */ = {isa = PBXBuildFile; fileRef = F2C3313B16C8A21C00AEFE31 /* GridModel.m */; };
		F2C3313F16C8A22E00AEFE31 /* GridGenerator.m in Sources */ = {isa = PBXBuildFile; fileRef = F2C3313E16C8A22E00AEFE31 /* GridGenerator.m */; };
		F2C3314216C8A24100AEFE31 /* GridGeneratorFromFile.m in Sources */ = {isa = PBXBuildFile; fileRef = F2C3314116C8A24100AEFE31 /* GridGeneratorFromFile.m */; };
/* End PBXBuildFile section */

/* Begin PBXContainerItemProxy section */
		F2C3312116C8A17000AEFE31 /* PBXContainerItemProxy */ = {
			isa = PBXContainerItemProxy;
			containerPortal = F2C330EF16C8A17000AEFE31 /* Project object */;
			proxyType = 1;
			remoteGlobalIDString = F2C330F716C8A17000AEFE31;
			remoteInfo = Sudoku.v3;
		};
/* End PBXContainerItemProxy section */

/* Begin PBXFileReference section */
		4047FB0F16CD6D0D00D0915E /* Timer.h */ = {isa = PBXFileReference; fileEncoding = 4; lastKnownFileType = sourcecode.c.h; path = Timer.h; sourceTree = "<group>"; };
		4047FB1016CD6D0D00D0915E /* Timer.m */ = {isa = PBXFileReference; fileEncoding = 4; lastKnownFileType = sourcecode.c.objc; path = Timer.m; sourceTree = "<group>"; };
		40933B1D16CB7879006C244C /* Default-568h@2x.png */ = {isa = PBXFileReference; lastKnownFileType = image.png; path = "Default-568h@2x.png"; sourceTree = "<group>"; };
		61EF67AB16CDD8D800E89273 /* ControlButtons.h */ = {isa = PBXFileReference; fileEncoding = 4; lastKnownFileType = sourcecode.c.h; path = ControlButtons.h; sourceTree = "<group>"; };
		61EF67AC16CDD8D800E89273 /* ControlButtons.m */ = {isa = PBXFileReference; fileEncoding = 4; lastKnownFileType = sourcecode.c.objc; path = ControlButtons.m; sourceTree = "<group>"; };
		D87F3DC316D4027700A91758 /* easyGrids.txt */ = {isa = PBXFileReference; fileEncoding = 4; lastKnownFileType = text; path = easyGrids.txt; sourceTree = "<group>"; };
		D87F3DC416D4027700A91758 /* hardGrids.txt */ = {isa = PBXFileReference; fileEncoding = 4; lastKnownFileType = text; path = hardGrids.txt; sourceTree = "<group>"; };
		D87F3DC516D4027700A91758 /* mediumGrids.txt */ = {isa = PBXFileReference; fileEncoding = 4; lastKnownFileType = text; path = mediumGrids.txt; sourceTree = "<group>"; };
		D87F3DC916D4030C00A91758 /* grids1.txt */ = {isa = PBXFileReference; fileEncoding = 4; lastKnownFileType = text; path = grids1.txt; sourceTree = "<group>"; };
		D87F3DCA16D4030C00A91758 /* grids2.txt */ = {isa = PBXFileReference; fileEncoding = 4; lastKnownFileType = text; path = grids2.txt; sourceTree = "<group>"; };
		D8E3BAFA16D01E6A00EA8870 /* COLOR_CONSTANTS.h */ = {isa = PBXFileReference; fileEncoding = 4; lastKnownFileType = sourcecode.c.h; path = COLOR_CONSTANTS.h; sourceTree = "<group>"; };
		D8E3BAFB16D01E6A00EA8870 /* COLOR_CONSTANTS.m */ = {isa = PBXFileReference; fileEncoding = 4; lastKnownFileType = sourcecode.c.objc; path = COLOR_CONSTANTS.m; sourceTree = "<group>"; };
		F2C330F816C8A17000AEFE31 /* Sudoku.v3.app */ = {isa = PBXFileReference; explicitFileType = wrapper.application; includeInIndex = 0; path = Sudoku.v3.app; sourceTree = BUILT_PRODUCTS_DIR; };
		F2C330FC16C8A17000AEFE31 /* UIKit.framework */ = {isa = PBXFileReference; lastKnownFileType = wrapper.framework; name = UIKit.framework; path = System/Library/Frameworks/UIKit.framework; sourceTree = SDKROOT; };
		F2C330FE16C8A17000AEFE31 /* Foundation.framework */ = {isa = PBXFileReference; lastKnownFileType = wrapper.framework; name = Foundation.framework; path = System/Library/Frameworks/Foundation.framework; sourceTree = SDKROOT; };
		F2C3310016C8A17000AEFE31 /* CoreGraphics.framework */ = {isa = PBXFileReference; lastKnownFileType = wrapper.framework; name = CoreGraphics.framework; path = System/Library/Frameworks/CoreGraphics.framework; sourceTree = SDKROOT; };
		F2C3310416C8A17000AEFE31 /* Sudoku.v3-Info.plist */ = {isa = PBXFileReference; lastKnownFileType = text.plist.xml; path = "Sudoku.v3-Info.plist"; sourceTree = "<group>"; };
		F2C3310616C8A17000AEFE31 /* en */ = {isa = PBXFileReference; lastKnownFileType = text.plist.strings; name = en; path = en.lproj/InfoPlist.strings; sourceTree = "<group>"; };
		F2C3310816C8A17000AEFE31 /* main.m */ = {isa = PBXFileReference; lastKnownFileType = sourcecode.c.objc; path = main.m; sourceTree = "<group>"; };
		F2C3310A16C8A17000AEFE31 /* Sudoku.v3-Prefix.pch */ = {isa = PBXFileReference; lastKnownFileType = sourcecode.c.h; path = "Sudoku.v3-Prefix.pch"; sourceTree = "<group>"; };
		F2C3310B16C8A17000AEFE31 /* AppDelegate.h */ = {isa = PBXFileReference; lastKnownFileType = sourcecode.c.h; path = AppDelegate.h; sourceTree = "<group>"; };
		F2C3310C16C8A17000AEFE31 /* AppDelegate.m */ = {isa = PBXFileReference; lastKnownFileType = sourcecode.c.objc; path = AppDelegate.m; sourceTree = "<group>"; };
		F2C3310E16C8A17000AEFE31 /* ViewController.h */ = {isa = PBXFileReference; lastKnownFileType = sourcecode.c.h; path = ViewController.h; sourceTree = "<group>"; };
		F2C3310F16C8A17000AEFE31 /* ViewController.m */ = {isa = PBXFileReference; lastKnownFileType = sourcecode.c.objc; path = ViewController.m; sourceTree = "<group>"; };
		F2C3311216C8A17000AEFE31 /* en */ = {isa = PBXFileReference; lastKnownFileType = file.xib; name = en; path = en.lproj/ViewController_iPhone.xib; sourceTree = "<group>"; };
		F2C3311516C8A17000AEFE31 /* en */ = {isa = PBXFileReference; lastKnownFileType = file.xib; name = en; path = en.lproj/ViewController_iPad.xib; sourceTree = "<group>"; };
		F2C3311C16C8A17000AEFE31 /* Sudoku.v3Tests.octest */ = {isa = PBXFileReference; explicitFileType = wrapper.cfbundle; includeInIndex = 0; path = Sudoku.v3Tests.octest; sourceTree = BUILT_PRODUCTS_DIR; };
		F2C3311D16C8A17000AEFE31 /* SenTestingKit.framework */ = {isa = PBXFileReference; lastKnownFileType = wrapper.framework; name = SenTestingKit.framework; path = Library/Frameworks/SenTestingKit.framework; sourceTree = DEVELOPER_DIR; };
		F2C3312516C8A17000AEFE31 /* Sudoku.v3Tests-Info.plist */ = {isa = PBXFileReference; lastKnownFileType = text.plist.xml; path = "Sudoku.v3Tests-Info.plist"; sourceTree = "<group>"; };
		F2C3312716C8A17000AEFE31 /* en */ = {isa = PBXFileReference; lastKnownFileType = text.plist.strings; name = en; path = en.lproj/InfoPlist.strings; sourceTree = "<group>"; };
		F2C3312916C8A17000AEFE31 /* Sudoku_v3Tests.h */ = {isa = PBXFileReference; lastKnownFileType = sourcecode.c.h; path = Sudoku_v3Tests.h; sourceTree = "<group>"; };
		F2C3312A16C8A17000AEFE31 /* Sudoku_v3Tests.m */ = {isa = PBXFileReference; lastKnownFileType = sourcecode.c.objc; path = Sudoku_v3Tests.m; sourceTree = "<group>"; };
		F2C3313416C8A1E500AEFE31 /* GridView.h */ = {isa = PBXFileReference; fileEncoding = 4; lastKnownFileType = sourcecode.c.h; path = GridView.h; sourceTree = "<group>"; };
		F2C3313516C8A1E500AEFE31 /* GridView.m */ = {isa = PBXFileReference; fileEncoding = 4; lastKnownFileType = sourcecode.c.objc; path = GridView.m; sourceTree = "<group>"; };
		F2C3313716C8A20400AEFE31 /* NumPad.h */ = {isa = PBXFileReference; fileEncoding = 4; lastKnownFileType = sourcecode.c.h; path = NumPad.h; sourceTree = "<group>"; };
		F2C3313816C8A20400AEFE31 /* NumPad.m */ = {isa = PBXFileReference; fileEncoding = 4; lastKnownFileType = sourcecode.c.objc; path = NumPad.m; sourceTree = "<group>"; };
		F2C3313A16C8A21C00AEFE31 /* GridModel.h */ = {isa = PBXFileReference; fileEncoding = 4; lastKnownFileType = sourcecode.c.h; path = GridModel.h; sourceTree = "<group>"; };
		F2C3313B16C8A21C00AEFE31 /* GridModel.m */ = {isa = PBXFileReference; fileEncoding = 4; lastKnownFileType = sourcecode.c.objc; path = GridModel.m; sourceTree = "<group>"; };
		F2C3313D16C8A22E00AEFE31 /* GridGenerator.h */ = {isa = PBXFileReference; fileEncoding = 4; lastKnownFileType = sourcecode.c.h; path = GridGenerator.h; sourceTree = "<group>"; };
		F2C3313E16C8A22E00AEFE31 /* GridGenerator.m */ = {isa = PBXFileReference; fileEncoding = 4; lastKnownFileType = sourcecode.c.objc; path = GridGenerator.m; sourceTree = "<group>"; };
		F2C3314016C8A24100AEFE31 /* GridGeneratorFromFile.h */ = {isa = PBXFileReference; fileEncoding = 4; lastKnownFileType = sourcecode.c.h; path = GridGeneratorFromFile.h; sourceTree = "<group>"; };
		F2C3314116C8A24100AEFE31 /* GridGeneratorFromFile.m */ = {isa = PBXFileReference; fileEncoding = 4; lastKnownFileType = sourcecode.c.objc; path = GridGeneratorFromFile.m; sourceTree = "<group>"; };
/* End PBXFileReference section */

/* Begin PBXFrameworksBuildPhase section */
		F2C330F516C8A17000AEFE31 /* Frameworks */ = {
			isa = PBXFrameworksBuildPhase;
			buildActionMask = 2147483647;
			files = (
				F2C330FD16C8A17000AEFE31 /* UIKit.framework in Frameworks */,
				F2C330FF16C8A17000AEFE31 /* Foundation.framework in Frameworks */,
				F2C3310116C8A17000AEFE31 /* CoreGraphics.framework in Frameworks */,
			);
			runOnlyForDeploymentPostprocessing = 0;
		};
		F2C3311816C8A17000AEFE31 /* Frameworks */ = {
			isa = PBXFrameworksBuildPhase;
			buildActionMask = 2147483647;
			files = (
				F2C3311E16C8A17000AEFE31 /* SenTestingKit.framework in Frameworks */,
				F2C3311F16C8A17000AEFE31 /* UIKit.framework in Frameworks */,
				F2C3312016C8A17000AEFE31 /* Foundation.framework in Frameworks */,
			);
			runOnlyForDeploymentPostprocessing = 0;
		};
/* End PBXFrameworksBuildPhase section */

/* Begin PBXGroup section */
		F2C330ED16C8A17000AEFE31 = {
			isa = PBXGroup;
			children = (
				40933B1D16CB7879006C244C /* Default-568h@2x.png */,
				F2C3310216C8A17000AEFE31 /* Sudoku.v3 */,
				F2C3312316C8A17000AEFE31 /* Sudoku.v3Tests */,
				F2C330FB16C8A17000AEFE31 /* Frameworks */,
				F2C330F916C8A17000AEFE31 /* Products */,
			);
			sourceTree = "<group>";
		};
		F2C330F916C8A17000AEFE31 /* Products */ = {
			isa = PBXGroup;
			children = (
				F2C330F816C8A17000AEFE31 /* Sudoku.v3.app */,
				F2C3311C16C8A17000AEFE31 /* Sudoku.v3Tests.octest */,
			);
			name = Products;
			sourceTree = "<group>";
		};
		F2C330FB16C8A17000AEFE31 /* Frameworks */ = {
			isa = PBXGroup;
			children = (
				F2C330FC16C8A17000AEFE31 /* UIKit.framework */,
				F2C330FE16C8A17000AEFE31 /* Foundation.framework */,
				F2C3310016C8A17000AEFE31 /* CoreGraphics.framework */,
				F2C3311D16C8A17000AEFE31 /* SenTestingKit.framework */,
			);
			name = Frameworks;
			sourceTree = "<group>";
		};
		F2C3310216C8A17000AEFE31 /* Sudoku.v3 */ = {
			isa = PBXGroup;
			children = (
				F2C3310B16C8A17000AEFE31 /* AppDelegate.h */,
				F2C3310C16C8A17000AEFE31 /* AppDelegate.m */,
				F2C3310E16C8A17000AEFE31 /* ViewController.h */,
				F2C3310F16C8A17000AEFE31 /* ViewController.m */,
				4047FB0F16CD6D0D00D0915E /* Timer.h */,
				4047FB1016CD6D0D00D0915E /* Timer.m */,
				F2C3313416C8A1E500AEFE31 /* GridView.h */,
				F2C3313516C8A1E500AEFE31 /* GridView.m */,
				61EF67AB16CDD8D800E89273 /* ControlButtons.h */,
				61EF67AC16CDD8D800E89273 /* ControlButtons.m */,
				F2C3313716C8A20400AEFE31 /* NumPad.h */,
				F2C3313816C8A20400AEFE31 /* NumPad.m */,
				F2C3313A16C8A21C00AEFE31 /* GridModel.h */,
				F2C3313B16C8A21C00AEFE31 /* GridModel.m */,
				F2C3313D16C8A22E00AEFE31 /* GridGenerator.h */,
				F2C3313E16C8A22E00AEFE31 /* GridGenerator.m */,
				F2C3314016C8A24100AEFE31 /* GridGeneratorFromFile.h */,
				F2C3314116C8A24100AEFE31 /* GridGeneratorFromFile.m */,
				D8E3BAFA16D01E6A00EA8870 /* COLOR_CONSTANTS.h */,
				D8E3BAFB16D01E6A00EA8870 /* COLOR_CONSTANTS.m */,
				F2C3311116C8A17000AEFE31 /* ViewController_iPhone.xib */,
				F2C3311416C8A17000AEFE31 /* ViewController_iPad.xib */,
				F2C3310316C8A17000AEFE31 /* Supporting Files */,
			);
			path = Sudoku.v3;
			sourceTree = "<group>";
		};
		F2C3310316C8A17000AEFE31 /* Supporting Files */ = {
			isa = PBXGroup;
			children = (
				D87F3DC316D4027700A91758 /* easyGrids.txt */,
				D87F3DC416D4027700A91758 /* hardGrids.txt */,
				D87F3DC516D4027700A91758 /* mediumGrids.txt */,
				D87F3DC916D4030C00A91758 /* grids1.txt */,
				D87F3DCA16D4030C00A91758 /* grids2.txt */,
				F2C3310416C8A17000AEFE31 /* Sudoku.v3-Info.plist */,
				F2C3310516C8A17000AEFE31 /* InfoPlist.strings */,
				F2C3310816C8A17000AEFE31 /* main.m */,
				F2C3310A16C8A17000AEFE31 /* Sudoku.v3-Prefix.pch */,
			);
			name = "Supporting Files";
			sourceTree = "<group>";
		};
		F2C3312316C8A17000AEFE31 /* Sudoku.v3Tests */ = {
			isa = PBXGroup;
			children = (
				F2C3312916C8A17000AEFE31 /* Sudoku_v3Tests.h */,
				F2C3312A16C8A17000AEFE31 /* Sudoku_v3Tests.m */,
				F2C3312416C8A17000AEFE31 /* Supporting Files */,
			);
			path = Sudoku.v3Tests;
			sourceTree = "<group>";
		};
		F2C3312416C8A17000AEFE31 /* Supporting Files */ = {
			isa = PBXGroup;
			children = (
				F2C3312516C8A17000AEFE31 /* Sudoku.v3Tests-Info.plist */,
				F2C3312616C8A17000AEFE31 /* InfoPlist.strings */,
			);
			name = "Supporting Files";
			sourceTree = "<group>";
		};
/* End PBXGroup section */

/* Begin PBXNativeTarget section */
		F2C330F716C8A17000AEFE31 /* Sudoku.v3 */ = {
			isa = PBXNativeTarget;
			buildConfigurationList = F2C3312E16C8A17000AEFE31 /* Build configuration list for PBXNativeTarget "Sudoku.v3" */;
			buildPhases = (
				F2C330F416C8A17000AEFE31 /* Sources */,
				F2C330F516C8A17000AEFE31 /* Frameworks */,
				F2C330F616C8A17000AEFE31 /* Resources */,
			);
			buildRules = (
			);
			dependencies = (
			);
			name = Sudoku.v3;
			productName = Sudoku.v3;
			productReference = F2C330F816C8A17000AEFE31 /* Sudoku.v3.app */;
			productType = "com.apple.product-type.application";
		};
		F2C3311B16C8A17000AEFE31 /* Sudoku.v3Tests */ = {
			isa = PBXNativeTarget;
			buildConfigurationList = F2C3313116C8A17000AEFE31 /* Build configuration list for PBXNativeTarget "Sudoku.v3Tests" */;
			buildPhases = (
				F2C3311716C8A17000AEFE31 /* Sources */,
				F2C3311816C8A17000AEFE31 /* Frameworks */,
				F2C3311916C8A17000AEFE31 /* Resources */,
				F2C3311A16C8A17000AEFE31 /* ShellScript */,
			);
			buildRules = (
			);
			dependencies = (
				F2C3312216C8A17000AEFE31 /* PBXTargetDependency */,
			);
			name = Sudoku.v3Tests;
			productName = Sudoku.v3Tests;
			productReference = F2C3311C16C8A17000AEFE31 /* Sudoku.v3Tests.octest */;
			productType = "com.apple.product-type.bundle";
		};
/* End PBXNativeTarget section */

/* Begin PBXProject section */
		F2C330EF16C8A17000AEFE31 /* Project object */ = {
			isa = PBXProject;
			attributes = {
				LastUpgradeCheck = 0460;
				ORGANIZATIONNAME = "Jessica Schroeder, Alana Shine, Will Tachau";
			};
			buildConfigurationList = F2C330F216C8A17000AEFE31 /* Build configuration list for PBXProject "Sudoku.v3" */;
			compatibilityVersion = "Xcode 3.2";
			developmentRegion = English;
			hasScannedForEncodings = 0;
			knownRegions = (
				en,
			);
			mainGroup = F2C330ED16C8A17000AEFE31;
			productRefGroup = F2C330F916C8A17000AEFE31 /* Products */;
			projectDirPath = "";
			projectRoot = "";
			targets = (
				F2C330F716C8A17000AEFE31 /* Sudoku.v3 */,
				F2C3311B16C8A17000AEFE31 /* Sudoku.v3Tests */,
			);
		};
/* End PBXProject section */

/* Begin PBXResourcesBuildPhase section */
		F2C330F616C8A17000AEFE31 /* Resources */ = {
			isa = PBXResourcesBuildPhase;
			buildActionMask = 2147483647;
			files = (
				F2C3310716C8A17000AEFE31 /* InfoPlist.strings in Resources */,
				F2C3311316C8A17000AEFE31 /* ViewController_iPhone.xib in Resources */,
				F2C3311616C8A17000AEFE31 /* ViewController_iPad.xib in Resources */,
				40933B1E16CB7879006C244C /* Default-568h@2x.png in Resources */,
				D87F3DC616D4027700A91758 /* easyGrids.txt in Resources */,
				D87F3DC716D4027700A91758 /* hardGrids.txt in Resources */,
				D87F3DC816D4027700A91758 /* mediumGrids.txt in Resources */,
				D87F3DCB16D4030C00A91758 /* grids1.txt in Resources */,
				D87F3DCC16D4030C00A91758 /* grids2.txt in Resources */,
			);
			runOnlyForDeploymentPostprocessing = 0;
		};
		F2C3311916C8A17000AEFE31 /* Resources */ = {
			isa = PBXResourcesBuildPhase;
			buildActionMask = 2147483647;
			files = (
				F2C3312816C8A17000AEFE31 /* InfoPlist.strings in Resources */,
			);
			runOnlyForDeploymentPostprocessing = 0;
		};
/* End PBXResourcesBuildPhase section */

/* Begin PBXShellScriptBuildPhase section */
		F2C3311A16C8A17000AEFE31 /* ShellScript */ = {
			isa = PBXShellScriptBuildPhase;
			buildActionMask = 2147483647;
			files = (
			);
			inputPaths = (
			);
			outputPaths = (
			);
			runOnlyForDeploymentPostprocessing = 0;
			shellPath = /bin/sh;
			shellScript = "# Run the unit tests in this test bundle.\n\"${SYSTEM_DEVELOPER_DIR}/Tools/RunUnitTests\"\n";
		};
/* End PBXShellScriptBuildPhase section */

/* Begin PBXSourcesBuildPhase section */
		F2C330F416C8A17000AEFE31 /* Sources */ = {
			isa = PBXSourcesBuildPhase;
			buildActionMask = 2147483647;
			files = (
				F2C3310916C8A17000AEFE31 /* main.m in Sources */,
				F2C3310D16C8A17000AEFE31 /* AppDelegate.m in Sources */,
				F2C3311016C8A17000AEFE31 /* ViewController.m in Sources */,
				F2C3313616C8A1E500AEFE31 /* GridView.m in Sources */,
				F2C3313916C8A20400AEFE31 /* NumPad.m in Sources */,
				F2C3313C16C8A21C00AEFE31 /* GridModel.m in Sources */,
				F2C3313F16C8A22E00AEFE31 /* GridGenerator.m in Sources */,
				F2C3314216C8A24100AEFE31 /* GridGeneratorFromFile.m in Sources */,
				4047FB1116CD6D0D00D0915E /* Timer.m in Sources */,
				61EF67AD16CDD8D800E89273 /* ControlButtons.m in Sources */,
				D8E3BAFC16D01E6A00EA8870 /* COLOR_CONSTANTS.m in Sources */,
			);
			runOnlyForDeploymentPostprocessing = 0;
		};
		F2C3311716C8A17000AEFE31 /* Sources */ = {
			isa = PBXSourcesBuildPhase;
			buildActionMask = 2147483647;
			files = (
				F2C3312B16C8A17000AEFE31 /* Sudoku_v3Tests.m in Sources */,
			);
			runOnlyForDeploymentPostprocessing = 0;
		};
/* End PBXSourcesBuildPhase section */

/* Begin PBXTargetDependency section */
		F2C3312216C8A17000AEFE31 /* PBXTargetDependency */ = {
			isa = PBXTargetDependency;
			target = F2C330F716C8A17000AEFE31 /* Sudoku.v3 */;
			targetProxy = F2C3312116C8A17000AEFE31 /* PBXContainerItemProxy */;
		};
/* End PBXTargetDependency section */

/* Begin PBXVariantGroup section */
		F2C3310516C8A17000AEFE31 /* InfoPlist.strings */ = {
			isa = PBXVariantGroup;
			children = (
				F2C3310616C8A17000AEFE31 /* en */,
			);
			name = InfoPlist.strings;
			sourceTree = "<group>";
		};
		F2C3311116C8A17000AEFE31 /* ViewController_iPhone.xib */ = {
			isa = PBXVariantGroup;
			children = (
				F2C3311216C8A17000AEFE31 /* en */,
			);
			name = ViewController_iPhone.xib;
			sourceTree = "<group>";
		};
		F2C3311416C8A17000AEFE31 /* ViewController_iPad.xib */ = {
			isa = PBXVariantGroup;
			children = (
				F2C3311516C8A17000AEFE31 /* en */,
			);
			name = ViewController_iPad.xib;
			sourceTree = "<group>";
		};
		F2C3312616C8A17000AEFE31 /* InfoPlist.strings */ = {
			isa = PBXVariantGroup;
			children = (
				F2C3312716C8A17000AEFE31 /* en */,
			);
			name = InfoPlist.strings;
			sourceTree = "<group>";
		};
/* End PBXVariantGroup section */

/* Begin XCBuildConfiguration section */
		F2C3312C16C8A17000AEFE31 /* Debug */ = {
			isa = XCBuildConfiguration;
			buildSettings = {
				ALWAYS_SEARCH_USER_PATHS = NO;
				ARCHS = "$(ARCHS_STANDARD_32_BIT)";
				CLANG_CXX_LANGUAGE_STANDARD = "gnu++0x";
				CLANG_ENABLE_OBJC_ARC = YES;
				CLANG_WARN_CONSTANT_CONVERSION = YES;
				CLANG_WARN_ENUM_CONVERSION = YES;
				CLANG_WARN_INT_CONVERSION = YES;
				CLANG_WARN__DUPLICATE_METHOD_MATCH = YES;
				"CODE_SIGN_IDENTITY[sdk=iphoneos*]" = "iPhone Developer";
				COPY_PHASE_STRIP = NO;
				GCC_C_LANGUAGE_STANDARD = gnu99;
				GCC_DYNAMIC_NO_PIC = NO;
				GCC_OPTIMIZATION_LEVEL = 0;
				GCC_PREPROCESSOR_DEFINITIONS = (
					"DEBUG=1",
					"$(inherited)",
				);
				GCC_SYMBOLS_PRIVATE_EXTERN = NO;
				GCC_VERSION = com.apple.compilers.llvm.clang.1_0;
				GCC_WARN_ABOUT_RETURN_TYPE = YES;
				GCC_WARN_UNINITIALIZED_AUTOS = YES;
				GCC_WARN_UNUSED_VARIABLE = YES;
				IPHONEOS_DEPLOYMENT_TARGET = 5.1;
				SDKROOT = iphoneos;
				TARGETED_DEVICE_FAMILY = "1,2";
			};
			name = Debug;
		};
		F2C3312D16C8A17000AEFE31 /* Release */ = {
			isa = XCBuildConfiguration;
			buildSettings = {
				ALWAYS_SEARCH_USER_PATHS = NO;
				ARCHS = "$(ARCHS_STANDARD_32_BIT)";
				CLANG_CXX_LANGUAGE_STANDARD = "gnu++0x";
				CLANG_ENABLE_OBJC_ARC = YES;
				CLANG_WARN_CONSTANT_CONVERSION = YES;
				CLANG_WARN_ENUM_CONVERSION = YES;
				CLANG_WARN_INT_CONVERSION = YES;
				CLANG_WARN__DUPLICATE_METHOD_MATCH = YES;
				"CODE_SIGN_IDENTITY[sdk=iphoneos*]" = "iPhone Developer";
				COPY_PHASE_STRIP = YES;
				GCC_C_LANGUAGE_STANDARD = gnu99;
				GCC_VERSION = com.apple.compilers.llvm.clang.1_0;
				GCC_WARN_ABOUT_RETURN_TYPE = YES;
				GCC_WARN_UNINITIALIZED_AUTOS = YES;
				GCC_WARN_UNUSED_VARIABLE = YES;
				IPHONEOS_DEPLOYMENT_TARGET = 5.1;
				OTHER_CFLAGS = "-DNS_BLOCK_ASSERTIONS=1";
				SDKROOT = iphoneos;
				TARGETED_DEVICE_FAMILY = "1,2";
				VALIDATE_PRODUCT = YES;
			};
			name = Release;
		};
		F2C3312F16C8A17000AEFE31 /* Debug */ = {
			isa = XCBuildConfiguration;
			buildSettings = {
				GCC_PRECOMPILE_PREFIX_HEADER = YES;
				GCC_PREFIX_HEADER = "Sudoku.v3/Sudoku.v3-Prefix.pch";
				INFOPLIST_FILE = "Sudoku.v3/Sudoku.v3-Info.plist";
				PRODUCT_NAME = "$(TARGET_NAME)";
				WRAPPER_EXTENSION = app;
			};
			name = Debug;
		};
		F2C3313016C8A17000AEFE31 /* Release */ = {
			isa = XCBuildConfiguration;
			buildSettings = {
				GCC_PRECOMPILE_PREFIX_HEADER = YES;
				GCC_PREFIX_HEADER = "Sudoku.v3/Sudoku.v3-Prefix.pch";
				INFOPLIST_FILE = "Sudoku.v3/Sudoku.v3-Info.plist";
				PRODUCT_NAME = "$(TARGET_NAME)";
				WRAPPER_EXTENSION = app;
			};
			name = Release;
		};
		F2C3313216C8A17000AEFE31 /* Debug */ = {
			isa = XCBuildConfiguration;
			buildSettings = {
				BUNDLE_LOADER = "$(BUILT_PRODUCTS_DIR)/Sudoku.v3.app/Sudoku.v3";
				FRAMEWORK_SEARCH_PATHS = (
					"\"$(SDKROOT)/Developer/Library/Frameworks\"",
					"\"$(DEVELOPER_LIBRARY_DIR)/Frameworks\"",
				);
				GCC_PRECOMPILE_PREFIX_HEADER = YES;
				GCC_PREFIX_HEADER = "Sudoku.v3/Sudoku.v3-Prefix.pch";
				INFOPLIST_FILE = "Sudoku.v3Tests/Sudoku.v3Tests-Info.plist";
				PRODUCT_NAME = "$(TARGET_NAME)";
				TEST_HOST = "$(BUNDLE_LOADER)";
				WRAPPER_EXTENSION = octest;
			};
			name = Debug;
		};
		F2C3313316C8A17000AEFE31 /* Release */ = {
			isa = XCBuildConfiguration;
			buildSettings = {
				BUNDLE_LOADER = "$(BUILT_PRODUCTS_DIR)/Sudoku.v3.app/Sudoku.v3";
				FRAMEWORK_SEARCH_PATHS = (
					"\"$(SDKROOT)/Developer/Library/Frameworks\"",
					"\"$(DEVELOPER_LIBRARY_DIR)/Frameworks\"",
				);
				GCC_PRECOMPILE_PREFIX_HEADER = YES;
				GCC_PREFIX_HEADER = "Sudoku.v3/Sudoku.v3-Prefix.pch";
				INFOPLIST_FILE = "Sudoku.v3Tests/Sudoku.v3Tests-Info.plist";
				PRODUCT_NAME = "$(TARGET_NAME)";
				TEST_HOST = "$(BUNDLE_LOADER)";
				WRAPPER_EXTENSION = octest;
			};
			name = Release;
		};
/* End XCBuildConfiguration section */

/* Begin XCConfigurationList section */
		F2C330F216C8A17000AEFE31 /* Build configuration list for PBXProject "Sudoku.v3" */ = {
			isa = XCConfigurationList;
			buildConfigurations = (
				F2C3312C16C8A17000AEFE31 /* Debug */,
				F2C3312D16C8A17000AEFE31 /* Release */,
			);
			defaultConfigurationIsVisible = 0;
			defaultConfigurationName = Release;
		};
		F2C3312E16C8A17000AEFE31 /* Build configuration list for PBXNativeTarget "Sudoku.v3" */ = {
			isa = XCConfigurationList;
			buildConfigurations = (
				F2C3312F16C8A17000AEFE31 /* Debug */,
				F2C3313016C8A17000AEFE31 /* Release */,
			);
			defaultConfigurationIsVisible = 0;
			defaultConfigurationName = Release;
		};
		F2C3313116C8A17000AEFE31 /* Build configuration list for PBXNativeTarget "Sudoku.v3Tests" */ = {
			isa = XCConfigurationList;
			buildConfigurations = (
				F2C3313216C8A17000AEFE31 /* Debug */,
				F2C3313316C8A17000AEFE31 /* Release */,
			);
			defaultConfigurationIsVisible = 0;
			defaultConfigurationName = Release;
		};
/* End XCConfigurationList section */
	};
	rootObject = F2C330EF16C8A17000AEFE31 /* Project object */;
}
